// !$*UTF8*$!
{
	archiveVersion = 1;
	classes = {
	};
	objectVersion = 46;
	objects = {

/* Begin PBXBuildFile section */
		08B6896118D6A8250027BB43 /* Foundation.framework in Frameworks */ = {isa = PBXBuildFile; fileRef = 08B6896018D6A8240027BB43 /* Foundation.framework */; };
		08B6896318D6A8250027BB43 /* CoreGraphics.framework in Frameworks */ = {isa = PBXBuildFile; fileRef = 08B6896218D6A8250027BB43 /* CoreGraphics.framework */; };
		08B6896518D6A8250027BB43 /* UIKit.framework in Frameworks */ = {isa = PBXBuildFile; fileRef = 08B6896418D6A8250027BB43 /* UIKit.framework */; };
		08B6896B18D6A8250027BB43 /* InfoPlist.strings in Resources */ = {isa = PBXBuildFile; fileRef = 08B6896918D6A8250027BB43 /* InfoPlist.strings */; };
		08B6896D18D6A8250027BB43 /* main.m in Sources */ = {isa = PBXBuildFile; fileRef = 08B6896C18D6A8250027BB43 /* main.m */; };
		08B6897118D6A8250027BB43 /* AppDelegate.m in Sources */ = {isa = PBXBuildFile; fileRef = 08B6897018D6A8250027BB43 /* AppDelegate.m */; };
		08B6897318D6A8250027BB43 /* Images.xcassets in Resources */ = {isa = PBXBuildFile; fileRef = 08B6897218D6A8250027BB43 /* Images.xcassets */; };
		08B6897A18D6A8250027BB43 /* XCTest.framework in Frameworks */ = {isa = PBXBuildFile; fileRef = 08B6897918D6A8250027BB43 /* XCTest.framework */; };
		08B6897B18D6A8250027BB43 /* Foundation.framework in Frameworks */ = {isa = PBXBuildFile; fileRef = 08B6896018D6A8240027BB43 /* Foundation.framework */; };
		08B6897C18D6A8250027BB43 /* UIKit.framework in Frameworks */ = {isa = PBXBuildFile; fileRef = 08B6896418D6A8250027BB43 /* UIKit.framework */; };
		08B6898418D6A8250027BB43 /* InfoPlist.strings in Resources */ = {isa = PBXBuildFile; fileRef = 08B6898218D6A8250027BB43 /* InfoPlist.strings */; };
		08B6898618D6A8250027BB43 /* ASIDemoTests.m in Sources */ = {isa = PBXBuildFile; fileRef = 08B6898518D6A8250027BB43 /* ASIDemoTests.m */; };
		08B689A618D6A8370027BB43 /* ASIAuthenticationDialog.m in Sources */ = {isa = PBXBuildFile; fileRef = 08B6899118D6A8370027BB43 /* ASIAuthenticationDialog.m */; };
		08B689A718D6A8370027BB43 /* ASIDataCompressor.m in Sources */ = {isa = PBXBuildFile; fileRef = 08B6899418D6A8370027BB43 /* ASIDataCompressor.m */; };
		08B689A818D6A8370027BB43 /* ASIDataDecompressor.m in Sources */ = {isa = PBXBuildFile; fileRef = 08B6899618D6A8370027BB43 /* ASIDataDecompressor.m */; };
		08B689A918D6A8370027BB43 /* ASIDownloadCache.m in Sources */ = {isa = PBXBuildFile; fileRef = 08B6899818D6A8370027BB43 /* ASIDownloadCache.m */; };
		08B689AA18D6A8370027BB43 /* ASIFormDataRequest.m in Sources */ = {isa = PBXBuildFile; fileRef = 08B6899A18D6A8370027BB43 /* ASIFormDataRequest.m */; };
		08B689AB18D6A8370027BB43 /* ASIHTTPRequest.m in Sources */ = {isa = PBXBuildFile; fileRef = 08B6899C18D6A8370027BB43 /* ASIHTTPRequest.m */; };
		08B689AC18D6A8370027BB43 /* ASIInputStream.m in Sources */ = {isa = PBXBuildFile; fileRef = 08B689A018D6A8370027BB43 /* ASIInputStream.m */; };
		08B689AD18D6A8370027BB43 /* ASINetworkQueue.m in Sources */ = {isa = PBXBuildFile; fileRef = 08B689A218D6A8370027BB43 /* ASINetworkQueue.m */; };
		08B689AE18D6A8370027BB43 /* Reachability.m in Sources */ = {isa = PBXBuildFile; fileRef = 08B689A518D6A8370027BB43 /* Reachability.m */; };
		08B689B218D6A8740027BB43 /* RootViewController.m in Sources */ = {isa = PBXBuildFile; fileRef = 08B689B018D6A8740027BB43 /* RootViewController.m */; };
		08B689B318D6A8740027BB43 /* RootViewController.xib in Resources */ = {isa = PBXBuildFile; fileRef = 08B689B118D6A8740027BB43 /* RootViewController.xib */; };
		08B689B518D6AC580027BB43 /* libz.1.1.3.dylib in Frameworks */ = {isa = PBXBuildFile; fileRef = 08B689B418D6AC580027BB43 /* libz.1.1.3.dylib */; };
		08B689B718D6AC5D0027BB43 /* MobileCoreServices.framework in Frameworks */ = {isa = PBXBuildFile; fileRef = 08B689B618D6AC5D0027BB43 /* MobileCoreServices.framework */; };
		08B689B918D6AC620027BB43 /* CFNetwork.framework in Frameworks */ = {isa = PBXBuildFile; fileRef = 08B689B818D6AC620027BB43 /* CFNetwork.framework */; };
		08B689BB18D6AC680027BB43 /* SystemConfiguration.framework in Frameworks */ = {isa = PBXBuildFile; fileRef = 08B689BA18D6AC680027BB43 /* SystemConfiguration.framework */; };
/* End PBXBuildFile section */

/* Begin PBXContainerItemProxy section */
		08B6897D18D6A8250027BB43 /* PBXContainerItemProxy */ = {
			isa = PBXContainerItemProxy;
			containerPortal = 08B6895518D6A8240027BB43 /* Project object */;
			proxyType = 1;
			remoteGlobalIDString = 08B6895C18D6A8240027BB43;
			remoteInfo = ASIDemo;
		};
/* End PBXContainerItemProxy section */

/* Begin PBXFileReference section */
		08B6895D18D6A8240027BB43 /* ASIDemo.app */ = {isa = PBXFileReference; explicitFileType = wrapper.application; includeInIndex = 0; path = ASIDemo.app; sourceTree = BUILT_PRODUCTS_DIR; };
		08B6896018D6A8240027BB43 /* Foundation.framework */ = {isa = PBXFileReference; lastKnownFileType = wrapper.framework; name = Foundation.framework; path = System/Library/Frameworks/Foundation.framework; sourceTree = SDKROOT; };
		08B6896218D6A8250027BB43 /* CoreGraphics.framework */ = {isa = PBXFileReference; lastKnownFileType = wrapper.framework; name = CoreGraphics.framework; path = System/Library/Frameworks/CoreGraphics.framework; sourceTree = SDKROOT; };
		08B6896418D6A8250027BB43 /* UIKit.framework */ = {isa = PBXFileReference; lastKnownFileType = wrapper.framework; name = UIKit.framework; path = System/Library/Frameworks/UIKit.framework; sourceTree = SDKROOT; };
		08B6896818D6A8250027BB43 /* ASIDemo-Info.plist */ = {isa = PBXFileReference; lastKnownFileType = text.plist.xml; path = "ASIDemo-Info.plist"; sourceTree = "<group>"; };
		08B6896A18D6A8250027BB43 /* en */ = {isa = PBXFileReference; lastKnownFileType = text.plist.strings; name = en; path = en.lproj/InfoPlist.strings; sourceTree = "<group>"; };
		08B6896C18D6A8250027BB43 /* main.m */ = {isa = PBXFileReference; lastKnownFileType = sourcecode.c.objc; path = main.m; sourceTree = "<group>"; };
		08B6896E18D6A8250027BB43 /* ASIDemo-Prefix.pch */ = {isa = PBXFileReference; lastKnownFileType = sourcecode.c.h; path = "ASIDemo-Prefix.pch"; sourceTree = "<group>"; };
		08B6896F18D6A8250027BB43 /* AppDelegate.h */ = {isa = PBXFileReference; lastKnownFileType = sourcecode.c.h; path = AppDelegate.h; sourceTree = "<group>"; };
		08B6897018D6A8250027BB43 /* AppDelegate.m */ = {isa = PBXFileReference; lastKnownFileType = sourcecode.c.objc; path = AppDelegate.m; sourceTree = "<group>"; };
		08B6897218D6A8250027BB43 /* Images.xcassets */ = {isa = PBXFileReference; lastKnownFileType = folder.assetcatalog; path = Images.xcassets; sourceTree = "<group>"; };
		08B6897818D6A8250027BB43 /* ASIDemoTests.xctest */ = {isa = PBXFileReference; explicitFileType = wrapper.cfbundle; includeInIndex = 0; path = ASIDemoTests.xctest; sourceTree = BUILT_PRODUCTS_DIR; };
		08B6897918D6A8250027BB43 /* XCTest.framework */ = {isa = PBXFileReference; lastKnownFileType = wrapper.framework; name = XCTest.framework; path = Library/Frameworks/XCTest.framework; sourceTree = DEVELOPER_DIR; };
		08B6898118D6A8250027BB43 /* ASIDemoTests-Info.plist */ = {isa = PBXFileReference; lastKnownFileType = text.plist.xml; path = "ASIDemoTests-Info.plist"; sourceTree = "<group>"; };
		08B6898318D6A8250027BB43 /* en */ = {isa = PBXFileReference; lastKnownFileType = text.plist.strings; name = en; path = en.lproj/InfoPlist.strings; sourceTree = "<group>"; };
		08B6898518D6A8250027BB43 /* ASIDemoTests.m */ = {isa = PBXFileReference; lastKnownFileType = sourcecode.c.objc; path = ASIDemoTests.m; sourceTree = "<group>"; };
		08B6899018D6A8370027BB43 /* ASIAuthenticationDialog.h */ = {isa = PBXFileReference; fileEncoding = 4; lastKnownFileType = sourcecode.c.h; path = ASIAuthenticationDialog.h; sourceTree = "<group>"; };
		08B6899118D6A8370027BB43 /* ASIAuthenticationDialog.m */ = {isa = PBXFileReference; fileEncoding = 4; lastKnownFileType = sourcecode.c.objc; path = ASIAuthenticationDialog.m; sourceTree = "<group>"; };
		08B6899218D6A8370027BB43 /* ASICacheDelegate.h */ = {isa = PBXFileReference; fileEncoding = 4; lastKnownFileType = sourcecode.c.h; path = ASICacheDelegate.h; sourceTree = "<group>"; };
		08B6899318D6A8370027BB43 /* ASIDataCompressor.h */ = {isa = PBXFileReference; fileEncoding = 4; lastKnownFileType = sourcecode.c.h; path = ASIDataCompressor.h; sourceTree = "<group>"; };
		08B6899418D6A8370027BB43 /* ASIDataCompressor.m */ = {isa = PBXFileReference; fileEncoding = 4; lastKnownFileType = sourcecode.c.objc; path = ASIDataCompressor.m; sourceTree = "<group>"; };
		08B6899518D6A8370027BB43 /* ASIDataDecompressor.h */ = {isa = PBXFileReference; fileEncoding = 4; lastKnownFileType = sourcecode.c.h; path = ASIDataDecompressor.h; sourceTree = "<group>"; };
		08B6899618D6A8370027BB43 /* ASIDataDecompressor.m */ = {isa = PBXFileReference; fileEncoding = 4; lastKnownFileType = sourcecode.c.objc; path = ASIDataDecompressor.m; sourceTree = "<group>"; };
		08B6899718D6A8370027BB43 /* ASIDownloadCache.h */ = {isa = PBXFileReference; fileEncoding = 4; lastKnownFileType = sourcecode.c.h; path = ASIDownloadCache.h; sourceTree = "<group>"; };
		08B6899818D6A8370027BB43 /* ASIDownloadCache.m */ = {isa = PBXFileReference; fileEncoding = 4; lastKnownFileType = sourcecode.c.objc; path = ASIDownloadCache.m; sourceTree = "<group>"; };
		08B6899918D6A8370027BB43 /* ASIFormDataRequest.h */ = {isa = PBXFileReference; fileEncoding = 4; lastKnownFileType = sourcecode.c.h; path = ASIFormDataRequest.h; sourceTree = "<group>"; };
		08B6899A18D6A8370027BB43 /* ASIFormDataRequest.m */ = {isa = PBXFileReference; fileEncoding = 4; lastKnownFileType = sourcecode.c.objc; path = ASIFormDataRequest.m; sourceTree = "<group>"; };
		08B6899B18D6A8370027BB43 /* ASIHTTPRequest.h */ = {isa = PBXFileReference; fileEncoding = 4; lastKnownFileType = sourcecode.c.h; path = ASIHTTPRequest.h; sourceTree = "<group>"; };
		08B6899C18D6A8370027BB43 /* ASIHTTPRequest.m */ = {isa = PBXFileReference; fileEncoding = 4; lastKnownFileType = sourcecode.c.objc; path = ASIHTTPRequest.m; sourceTree = "<group>"; };
		08B6899D18D6A8370027BB43 /* ASIHTTPRequestConfig.h */ = {isa = PBXFileReference; fileEncoding = 4; lastKnownFileType = sourcecode.c.h; path = ASIHTTPRequestConfig.h; sourceTree = "<group>"; };
		08B6899E18D6A8370027BB43 /* ASIHTTPRequestDelegate.h */ = {isa = PBXFileReference; fileEncoding = 4; lastKnownFileType = sourcecode.c.h; path = ASIHTTPRequestDelegate.h; sourceTree = "<group>"; };
		08B6899F18D6A8370027BB43 /* ASIInputStream.h */ = {isa = PBXFileReference; fileEncoding = 4; lastKnownFileType = sourcecode.c.h; path = ASIInputStream.h; sourceTree = "<group>"; };
		08B689A018D6A8370027BB43 /* ASIInputStream.m */ = {isa = PBXFileReference; fileEncoding = 4; lastKnownFileType = sourcecode.c.objc; path = ASIInputStream.m; sourceTree = "<group>"; };
		08B689A118D6A8370027BB43 /* ASINetworkQueue.h */ = {isa = PBXFileReference; fileEncoding = 4; lastKnownFileType = sourcecode.c.h; path = ASINetworkQueue.h; sourceTree = "<group>"; };
		08B689A218D6A8370027BB43 /* ASINetworkQueue.m */ = {isa = PBXFileReference; fileEncoding = 4; lastKnownFileType = sourcecode.c.objc; path = ASINetworkQueue.m; sourceTree = "<group>"; };
		08B689A318D6A8370027BB43 /* ASIProgressDelegate.h */ = {isa = PBXFileReference; fileEncoding = 4; lastKnownFileType = sourcecode.c.h; path = ASIProgressDelegate.h; sourceTree = "<group>"; };
		08B689A418D6A8370027BB43 /* Reachability.h */ = {isa = PBXFileReference; fileEncoding = 4; lastKnownFileType = sourcecode.c.h; path = Reachability.h; sourceTree = "<group>"; };
		08B689A518D6A8370027BB43 /* Reachability.m */ = {isa = PBXFileReference; fileEncoding = 4; lastKnownFileType = sourcecode.c.objc; path = Reachability.m; sourceTree = "<group>"; };
		08B689AF18D6A8740027BB43 /* RootViewController.h */ = {isa = PBXFileReference; fileEncoding = 4; lastKnownFileType = sourcecode.c.h; path = RootViewController.h; sourceTree = "<group>"; };
		08B689B018D6A8740027BB43 /* RootViewController.m */ = {isa = PBXFileReference; fileEncoding = 4; lastKnownFileType = sourcecode.c.objc; path = RootViewController.m; sourceTree = "<group>"; };
		08B689B118D6A8740027BB43 /* RootViewController.xib */ = {isa = PBXFileReference; fileEncoding = 4; lastKnownFileType = file.xib; path = RootViewController.xib; sourceTree = "<group>"; };
		08B689B418D6AC580027BB43 /* libz.1.1.3.dylib */ = {isa = PBXFileReference; lastKnownFileType = "compiled.mach-o.dylib"; name = libz.1.1.3.dylib; path = usr/lib/libz.1.1.3.dylib; sourceTree = SDKROOT; };
		08B689B618D6AC5D0027BB43 /* MobileCoreServices.framework */ = {isa = PBXFileReference; lastKnownFileType = wrapper.framework; name = MobileCoreServices.framework; path = System/Library/Frameworks/MobileCoreServices.framework; sourceTree = SDKROOT; };
		08B689B818D6AC620027BB43 /* CFNetwork.framework */ = {isa = PBXFileReference; lastKnownFileType = wrapper.framework; name = CFNetwork.framework; path = System/Library/Frameworks/CFNetwork.framework; sourceTree = SDKROOT; };
		08B689BA18D6AC680027BB43 /* SystemConfiguration.framework */ = {isa = PBXFileReference; lastKnownFileType = wrapper.framework; name = SystemConfiguration.framework; path = System/Library/Frameworks/SystemConfiguration.framework; sourceTree = SDKROOT; };
/* End PBXFileReference section */

/* Begin PBXFrameworksBuildPhase section */
		08B6895A18D6A8240027BB43 /* Frameworks */ = {
			isa = PBXFrameworksBuildPhase;
			buildActionMask = 2147483647;
			files = (
				08B689BB18D6AC680027BB43 /* SystemConfiguration.framework in Frameworks */,
				08B689B918D6AC620027BB43 /* CFNetwork.framework in Frameworks */,
				08B689B718D6AC5D0027BB43 /* MobileCoreServices.framework in Frameworks */,
				08B689B518D6AC580027BB43 /* libz.1.1.3.dylib in Frameworks */,
				08B6896318D6A8250027BB43 /* CoreGraphics.framework in Frameworks */,
				08B6896518D6A8250027BB43 /* UIKit.framework in Frameworks */,
				08B6896118D6A8250027BB43 /* Foundation.framework in Frameworks */,
			);
			runOnlyForDeploymentPostprocessing = 0;
		};
		08B6897518D6A8250027BB43 /* Frameworks */ = {
			isa = PBXFrameworksBuildPhase;
			buildActionMask = 2147483647;
			files = (
				08B6897A18D6A8250027BB43 /* XCTest.framework in Frameworks */,
				08B6897C18D6A8250027BB43 /* UIKit.framework in Frameworks */,
				08B6897B18D6A8250027BB43 /* Foundation.framework in Frameworks */,
			);
			runOnlyForDeploymentPostprocessing = 0;
		};
/* End PBXFrameworksBuildPhase section */

/* Begin PBXGroup section */
		08B6895418D6A8240027BB43 = {
			isa = PBXGroup;
			children = (
				08B6896618D6A8250027BB43 /* ASIDemo */,
				08B6897F18D6A8250027BB43 /* ASIDemoTests */,
				08B6895F18D6A8240027BB43 /* Frameworks */,
				08B6895E18D6A8240027BB43 /* Products */,
			);
			sourceTree = "<group>";
		};
		08B6895E18D6A8240027BB43 /* Products */ = {
			isa = PBXGroup;
			children = (
				08B6895D18D6A8240027BB43 /* ASIDemo.app */,
				08B6897818D6A8250027BB43 /* ASIDemoTests.xctest */,
			);
			name = Products;
			sourceTree = "<group>";
		};
		08B6895F18D6A8240027BB43 /* Frameworks */ = {
			isa = PBXGroup;
			children = (
				08B689BA18D6AC680027BB43 /* SystemConfiguration.framework */,
				08B689B818D6AC620027BB43 /* CFNetwork.framework */,
				08B689B618D6AC5D0027BB43 /* MobileCoreServices.framework */,
				08B689B418D6AC580027BB43 /* libz.1.1.3.dylib */,
				08B6896018D6A8240027BB43 /* Foundation.framework */,
				08B6896218D6A8250027BB43 /* CoreGraphics.framework */,
				08B6896418D6A8250027BB43 /* UIKit.framework */,
				08B6897918D6A8250027BB43 /* XCTest.framework */,
			);
			name = Frameworks;
			sourceTree = "<group>";
		};
		08B6896618D6A8250027BB43 /* ASIDemo */ = {
			isa = PBXGroup;
			children = (
				08B6896F18D6A8250027BB43 /* AppDelegate.h */,
				08B6897018D6A8250027BB43 /* AppDelegate.m */,
				08B689AF18D6A8740027BB43 /* RootViewController.h */,
				08B689B018D6A8740027BB43 /* RootViewController.m */,
				08B689B118D6A8740027BB43 /* RootViewController.xib */,
				08B6898F18D6A8370027BB43 /* ASIHttpRequst */,
				08B6897218D6A8250027BB43 /* Images.xcassets */,
				08B6896718D6A8250027BB43 /* Supporting Files */,
			);
			path = ASIDemo;
			sourceTree = "<group>";
		};
		08B6896718D6A8250027BB43 /* Supporting Files */ = {
			isa = PBXGroup;
			children = (
				08B6896818D6A8250027BB43 /* ASIDemo-Info.plist */,
				08B6896918D6A8250027BB43 /* InfoPlist.strings */,
				08B6896C18D6A8250027BB43 /* main.m */,
				08B6896E18D6A8250027BB43 /* ASIDemo-Prefix.pch */,
			);
			name = "Supporting Files";
			sourceTree = "<group>";
		};
		08B6897F18D6A8250027BB43 /* ASIDemoTests */ = {
			isa = PBXGroup;
			children = (
				08B6898518D6A8250027BB43 /* ASIDemoTests.m */,
				08B6898018D6A8250027BB43 /* Supporting Files */,
			);
			path = ASIDemoTests;
			sourceTree = "<group>";
		};
		08B6898018D6A8250027BB43 /* Supporting Files */ = {
			isa = PBXGroup;
			children = (
				08B6898118D6A8250027BB43 /* ASIDemoTests-Info.plist */,
				08B6898218D6A8250027BB43 /* InfoPlist.strings */,
			);
			name = "Supporting Files";
			sourceTree = "<group>";
		};
		08B6898F18D6A8370027BB43 /* ASIHttpRequst */ = {
			isa = PBXGroup;
			children = (
				08B6899018D6A8370027BB43 /* ASIAuthenticationDialog.h */,
				08B6899118D6A8370027BB43 /* ASIAuthenticationDialog.m */,
				08B6899218D6A8370027BB43 /* ASICacheDelegate.h */,
				08B6899318D6A8370027BB43 /* ASIDataCompressor.h */,
				08B6899418D6A8370027BB43 /* ASIDataCompressor.m */,
				08B6899518D6A8370027BB43 /* ASIDataDecompressor.h */,
				08B6899618D6A8370027BB43 /* ASIDataDecompressor.m */,
				08B6899718D6A8370027BB43 /* ASIDownloadCache.h */,
				08B6899818D6A8370027BB43 /* ASIDownloadCache.m */,
				08B6899918D6A8370027BB43 /* ASIFormDataRequest.h */,
				08B6899A18D6A8370027BB43 /* ASIFormDataRequest.m */,
				08B6899B18D6A8370027BB43 /* ASIHTTPRequest.h */,
				08B6899C18D6A8370027BB43 /* ASIHTTPRequest.m */,
				08B6899D18D6A8370027BB43 /* ASIHTTPRequestConfig.h */,
				08B6899E18D6A8370027BB43 /* ASIHTTPRequestDelegate.h */,
				08B6899F18D6A8370027BB43 /* ASIInputStream.h */,
				08B689A018D6A8370027BB43 /* ASIInputStream.m */,
				08B689A118D6A8370027BB43 /* ASINetworkQueue.h */,
				08B689A218D6A8370027BB43 /* ASINetworkQueue.m */,
				08B689A318D6A8370027BB43 /* ASIProgressDelegate.h */,
				08B689A418D6A8370027BB43 /* Reachability.h */,
				08B689A518D6A8370027BB43 /* Reachability.m */,
			);
			path = ASIHttpRequst;
			sourceTree = "<group>";
		};
/* End PBXGroup section */

/* Begin PBXNativeTarget section */
		08B6895C18D6A8240027BB43 /* ASIDemo */ = {
			isa = PBXNativeTarget;
			buildConfigurationList = 08B6898918D6A8250027BB43 /* Build configuration list for PBXNativeTarget "ASIDemo" */;
			buildPhases = (
				08B6895918D6A8240027BB43 /* Sources */,
				08B6895A18D6A8240027BB43 /* Frameworks */,
				08B6895B18D6A8240027BB43 /* Resources */,
			);
			buildRules = (
			);
			dependencies = (
			);
			name = ASIDemo;
			productName = ASIDemo;
			productReference = 08B6895D18D6A8240027BB43 /* ASIDemo.app */;
			productType = "com.apple.product-type.application";
		};
		08B6897718D6A8250027BB43 /* ASIDemoTests */ = {
			isa = PBXNativeTarget;
			buildConfigurationList = 08B6898C18D6A8250027BB43 /* Build configuration list for PBXNativeTarget "ASIDemoTests" */;
			buildPhases = (
				08B6897418D6A8250027BB43 /* Sources */,
				08B6897518D6A8250027BB43 /* Frameworks */,
				08B6897618D6A8250027BB43 /* Resources */,
			);
			buildRules = (
			);
			dependencies = (
				08B6897E18D6A8250027BB43 /* PBXTargetDependency */,
			);
			name = ASIDemoTests;
			productName = ASIDemoTests;
			productReference = 08B6897818D6A8250027BB43 /* ASIDemoTests.xctest */;
			productType = "com.apple.product-type.bundle.unit-test";
		};
/* End PBXNativeTarget section */

/* Begin PBXProject section */
		08B6895518D6A8240027BB43 /* Project object */ = {
			isa = PBXProject;
			attributes = {
				LastUpgradeCheck = 0510;
				ORGANIZATIONNAME = "斯塔克互动科技有限公司";
				TargetAttributes = {
					08B6897718D6A8250027BB43 = {
						TestTargetID = 08B6895C18D6A8240027BB43;
					};
				};
			};
			buildConfigurationList = 08B6895818D6A8240027BB43 /* Build configuration list for PBXProject "ASIDemo" */;
			compatibilityVersion = "Xcode 3.2";
			developmentRegion = English;
			hasScannedForEncodings = 0;
			knownRegions = (
				en,
			);
			mainGroup = 08B6895418D6A8240027BB43;
			productRefGroup = 08B6895E18D6A8240027BB43 /* Products */;
			projectDirPath = "";
			projectRoot = "";
			targets = (
				08B6895C18D6A8240027BB43 /* ASIDemo */,
				08B6897718D6A8250027BB43 /* ASIDemoTests */,
			);
		};
/* End PBXProject section */

/* Begin PBXResourcesBuildPhase section */
		08B6895B18D6A8240027BB43 /* Resources */ = {
			isa = PBXResourcesBuildPhase;
			buildActionMask = 2147483647;
			files = (
				08B6896B18D6A8250027BB43 /* InfoPlist.strings in Resources */,
				08B6897318D6A8250027BB43 /* Images.xcassets in Resources */,
				08B689B318D6A8740027BB43 /* RootViewController.xib in Resources */,
			);
			runOnlyForDeploymentPostprocessing = 0;
		};
		08B6897618D6A8250027BB43 /* Resources */ = {
			isa = PBXResourcesBuildPhase;
			buildActionMask = 2147483647;
			files = (
				08B6898418D6A8250027BB43 /* InfoPlist.strings in Resources */,
			);
			runOnlyForDeploymentPostprocessing = 0;
		};
/* End PBXResourcesBuildPhase section */

/* Begin PBXSourcesBuildPhase section */
		08B6895918D6A8240027BB43 /* Sources */ = {
			isa = PBXSourcesBuildPhase;
			buildActionMask = 2147483647;
			files = (
				08B689AA18D6A8370027BB43 /* ASIFormDataRequest.m in Sources */,
				08B689AB18D6A8370027BB43 /* ASIHTTPRequest.m in Sources */,
				08B689B218D6A8740027BB43 /* RootViewController.m in Sources */,
				08B6897118D6A8250027BB43 /* AppDelegate.m in Sources */,
				08B689AE18D6A8370027BB43 /* Reachability.m in Sources */,
				08B689A618D6A8370027BB43 /* ASIAuthenticationDialog.m in Sources */,
				08B689AD18D6A8370027BB43 /* ASINetworkQueue.m in Sources */,
				08B689A918D6A8370027BB43 /* ASIDownloadCache.m in Sources */,
				08B689AC18D6A8370027BB43 /* ASIInputStream.m in Sources */,
				08B689A718D6A8370027BB43 /* ASIDataCompressor.m in Sources */,
				08B6896D18D6A8250027BB43 /* main.m in Sources */,
				08B689A818D6A8370027BB43 /* ASIDataDecompressor.m in Sources */,
			);
			runOnlyForDeploymentPostprocessing = 0;
		};
		08B6897418D6A8250027BB43 /* Sources */ = {
			isa = PBXSourcesBuildPhase;
			buildActionMask = 2147483647;
			files = (
				08B6898618D6A8250027BB43 /* ASIDemoTests.m in Sources */,
			);
			runOnlyForDeploymentPostprocessing = 0;
		};
/* End PBXSourcesBuildPhase section */

/* Begin PBXTargetDependency section */
		08B6897E18D6A8250027BB43 /* PBXTargetDependency */ = {
			isa = PBXTargetDependency;
			target = 08B6895C18D6A8240027BB43 /* ASIDemo */;
			targetProxy = 08B6897D18D6A8250027BB43 /* PBXContainerItemProxy */;
		};
/* End PBXTargetDependency section */

/* Begin PBXVariantGroup section */
		08B6896918D6A8250027BB43 /* InfoPlist.strings */ = {
			isa = PBXVariantGroup;
			children = (
				08B6896A18D6A8250027BB43 /* en */,
			);
			name = InfoPlist.strings;
			sourceTree = "<group>";
		};
		08B6898218D6A8250027BB43 /* InfoPlist.strings */ = {
			isa = PBXVariantGroup;
			children = (
				08B6898318D6A8250027BB43 /* en */,
			);
			name = InfoPlist.strings;
			sourceTree = "<group>";
		};
/* End PBXVariantGroup section */

/* Begin XCBuildConfiguration section */
		08B6898718D6A8250027BB43 /* Debug */ = {
			isa = XCBuildConfiguration;
			buildSettings = {
				ALWAYS_SEARCH_USER_PATHS = NO;
				CLANG_CXX_LANGUAGE_STANDARD = "gnu++0x";
				CLANG_CXX_LIBRARY = "libc++";
				CLANG_ENABLE_MODULES = YES;
				CLANG_ENABLE_OBJC_ARC = YES;
				CLANG_WARN_BOOL_CONVERSION = YES;
				CLANG_WARN_CONSTANT_CONVERSION = YES;
				CLANG_WARN_DIRECT_OBJC_ISA_USAGE = YES_ERROR;
				CLANG_WARN_EMPTY_BODY = YES;
				CLANG_WARN_ENUM_CONVERSION = YES;
				CLANG_WARN_INT_CONVERSION = YES;
				CLANG_WARN_OBJC_ROOT_CLASS = YES_ERROR;
				CLANG_WARN__DUPLICATE_METHOD_MATCH = YES;
				"CODE_SIGN_IDENTITY[sdk=iphoneos*]" = "iPhone Developer";
				COPY_PHASE_STRIP = NO;
				GCC_C_LANGUAGE_STANDARD = gnu99;
				GCC_DYNAMIC_NO_PIC = NO;
				GCC_OPTIMIZATION_LEVEL = 0;
				GCC_PREPROCESSOR_DEFINITIONS = (
					"DEBUG=1",
					"$(inherited)",
				);
				GCC_SYMBOLS_PRIVATE_EXTERN = NO;
				GCC_WARN_64_TO_32_BIT_CONVERSION = YES;
				GCC_WARN_ABOUT_RETURN_TYPE = YES_ERROR;
				GCC_WARN_UNDECLARED_SELECTOR = YES;
				GCC_WARN_UNINITIALIZED_AUTOS = YES_AGGRESSIVE;
				GCC_WARN_UNUSED_FUNCTION = YES;
				GCC_WARN_UNUSED_VARIABLE = YES;
				IPHONEOS_DEPLOYMENT_TARGET = 7.1;
				ONLY_ACTIVE_ARCH = YES;
				SDKROOT = iphoneos;
			};
			name = Debug;
		};
		08B6898818D6A8250027BB43 /* Release */ = {
			isa = XCBuildConfiguration;
			buildSettings = {
				ALWAYS_SEARCH_USER_PATHS = NO;
				CLANG_CXX_LANGUAGE_STANDARD = "gnu++0x";
				CLANG_CXX_LIBRARY = "libc++";
				CLANG_ENABLE_MODULES = YES;
				CLANG_ENABLE_OBJC_ARC = YES;
				CLANG_WARN_BOOL_CONVERSION = YES;
				CLANG_WARN_CONSTANT_CONVERSION = YES;
				CLANG_WARN_DIRECT_OBJC_ISA_USAGE = YES_ERROR;
				CLANG_WARN_EMPTY_BODY = YES;
				CLANG_WARN_ENUM_CONVERSION = YES;
				CLANG_WARN_INT_CONVERSION = YES;
				CLANG_WARN_OBJC_ROOT_CLASS = YES_ERROR;
				CLANG_WARN__DUPLICATE_METHOD_MATCH = YES;
				"CODE_SIGN_IDENTITY[sdk=iphoneos*]" = "iPhone Developer";
				COPY_PHASE_STRIP = YES;
				ENABLE_NS_ASSERTIONS = NO;
				GCC_C_LANGUAGE_STANDARD = gnu99;
				GCC_WARN_64_TO_32_BIT_CONVERSION = YES;
				GCC_WARN_ABOUT_RETURN_TYPE = YES_ERROR;
				GCC_WARN_UNDECLARED_SELECTOR = YES;
				GCC_WARN_UNINITIALIZED_AUTOS = YES_AGGRESSIVE;
				GCC_WARN_UNUSED_FUNCTION = YES;
				GCC_WARN_UNUSED_VARIABLE = YES;
				IPHONEOS_DEPLOYMENT_TARGET = 7.1;
				SDKROOT = iphoneos;
				VALIDATE_PRODUCT = YES;
			};
			name = Release;
		};
		08B6898A18D6A8250027BB43 /* Debug */ = {
			isa = XCBuildConfiguration;
			buildSettings = {
				ASSETCATALOG_COMPILER_APPICON_NAME = AppIcon;
				ASSETCATALOG_COMPILER_LAUNCHIMAGE_NAME = LaunchImage;
				CLANG_ENABLE_OBJC_ARC = NO;
				GCC_PRECOMPILE_PREFIX_HEADER = YES;
				GCC_PREFIX_HEADER = "ASIDemo/ASIDemo-Prefix.pch";
				INFOPLIST_FILE = "ASIDemo/ASIDemo-Info.plist";
				PRODUCT_NAME = "$(TARGET_NAME)";
				WRAPPER_EXTENSION = app;
			};
			name = Debug;
		};
		08B6898B18D6A8250027BB43 /* Release */ = {
			isa = XCBuildConfiguration;
			buildSettings = {
				ASSETCATALOG_COMPILER_APPICON_NAME = AppIcon;
				ASSETCATALOG_COMPILER_LAUNCHIMAGE_NAME = LaunchImage;
				CLANG_ENABLE_OBJC_ARC = NO;
				GCC_PRECOMPILE_PREFIX_HEADER = YES;
				GCC_PREFIX_HEADER = "ASIDemo/ASIDemo-Prefix.pch";
				INFOPLIST_FILE = "ASIDemo/ASIDemo-Info.plist";
				PRODUCT_NAME = "$(TARGET_NAME)";
				WRAPPER_EXTENSION = app;
			};
			name = Release;
		};
		08B6898D18D6A8250027BB43 /* Debug */ = {
			isa = XCBuildConfiguration;
			buildSettings = {
				BUNDLE_LOADER = "$(BUILT_PRODUCTS_DIR)/ASIDemo.app/ASIDemo";
				FRAMEWORK_SEARCH_PATHS = (
					"$(SDKROOT)/Developer/Library/Frameworks",
					"$(inherited)",
					"$(DEVELOPER_FRAMEWORKS_DIR)",
				);
				GCC_PRECOMPILE_PREFIX_HEADER = YES;
				GCC_PREFIX_HEADER = "ASIDemo/ASIDemo-Prefix.pch";
				GCC_PREPROCESSOR_DEFINITIONS = (
					"DEBUG=1",
					"$(inherited)",
				);
				INFOPLIST_FILE = "ASIDemoTests/ASIDemoTests-Info.plist";
				PRODUCT_NAME = "$(TARGET_NAME)";
				TEST_HOST = "$(BUNDLE_LOADER)";
				WRAPPER_EXTENSION = xctest;
			};
			name = Debug;
		};
		08B6898E18D6A8250027BB43 /* Release */ = {
			isa = XCBuildConfiguration;
			buildSettings = {
				BUNDLE_LOADER = "$(BUILT_PRODUCTS_DIR)/ASIDemo.app/ASIDemo";
				FRAMEWORK_SEARCH_PATHS = (
					"$(SDKROOT)/Developer/Library/Frameworks",
					"$(inherited)",
					"$(DEVELOPER_FRAMEWORKS_DIR)",
				);
				GCC_PRECOMPILE_PREFIX_HEADER = YES;
				GCC_PREFIX_HEADER = "ASIDemo/ASIDemo-Prefix.pch";
				INFOPLIST_FILE = "ASIDemoTests/ASIDemoTests-Info.plist";
				PRODUCT_NAME = "$(TARGET_NAME)";
				TEST_HOST = "$(BUNDLE_LOADER)";
				WRAPPER_EXTENSION = xctest;
			};
			name = Release;
		};
/* End XCBuildConfiguration section */

/* Begin XCConfigurationList section */
		08B6895818D6A8240027BB43 /* Build configuration list for PBXProject "ASIDemo" */ = {
			isa = XCConfigurationList;
			buildConfigurations = (
				08B6898718D6A8250027BB43 /* Debug */,
				08B6898818D6A8250027BB43 /* Release */,
			);
			defaultConfigurationIsVisible = 0;
			defaultConfigurationName = Release;
		};
		08B6898918D6A8250027BB43 /* Build configuration list for PBXNativeTarget "ASIDemo" */ = {
			isa = XCConfigurationList;
			buildConfigurations = (
				08B6898A18D6A8250027BB43 /* Debug */,
				08B6898B18D6A8250027BB43 /* Release */,
			);
			defaultConfigurationIsVisible = 0;
		};
		08B6898C18D6A8250027BB43 /* Build configuration list for PBXNativeTarget "ASIDemoTests" */ = {
			isa = XCConfigurationList;
			buildConfigurations = (
				08B6898D18D6A8250027BB43 /* Debug */,
				08B6898E18D6A8250027BB43 /* Release */,
			);
			defaultConfigurationIsVisible = 0;
		};
/* End XCConfigurationList section */
	};
	rootObject = 08B6895518D6A8240027BB43 /* Project object */;
}
